{
  "lockfileVersion": 1,
  "configVersion": 1,
  "workspaces": {
    "": {
      "name": "spearedis-tools",
      "dependencies": {
        "redis": "^5.8.2",
      },
    },
  },
  "packages": {
    "@redis/bloom": ["@redis/bloom@5.12.1", "", { "peerDependencies": { "@redis/client": "^5.12.1" } }, "sha512-PUUfv+ms7jgPSBVoo/DN4AkPHj4D5TZSd6SbJX7egzBplkYUcKmHRE8RKia7UtZ8bSQbLguLvxVO+asKtQfZWA=="],

    "@redis/client": ["@redis/client@5.12.1", "", { "dependencies": { "cluster-key-slot": "1.1.2" }, "peerDependencies": { "@node-rs/xxhash": "^1.1.0", "@opentelemetry/api": ">=1 <2" }, "optionalPeers": ["@node-rs/xxhash", "@opentelemetry/api"] }, "sha512-7aPGWeqA3uFm43o19umzdl16CEjK/JQGtSXVPevplTaOU3VJA/rseBC1QvYUz9lLDIMBimc4SW/zrW4S89BaCA=="],

    "@redis/json": ["@redis/json@5.12.1", "", { "peerDependencies": { "@redis/client": "^5.12.1" } }, "sha512-eOze75esLve4vfqDel7aMX08CNaiLLQS2fV8mpRN9NxPe1rVR4vQyYiW/OgtGUysF6QOr9ANhfxABKNOJfXdKg=="],

    "@redis/search": ["@redis/search@5.12.1", "", { "peerDependencies": { "@redis/client": "^5.12.1" } }, "sha512-ItlxbxC9cKI6IU1TLWoczwJCRb6TdmkEpWv05UrPawqaAnWGRu3rcIqsc5vN483T2fSociuyV1UkWIL5I4//2w=="],

    "@redis/time-series": ["@redis/time-series@5.12.1", "", { "peerDependencies": { "@redis/client": "^5.12.1" } }, "sha512-c6JL6E3EcZJuNqKFz+KM+l9l5mpcQiKvTwgA3blt5glWJ8hjDk0yeHN3beE/MpqYIQ8UEX44ItQzgkE/gCBELQ=="],

    "cluster-key-slot": ["cluster-key-slot@1.1.2", "", {}, "sha512-RMr0FhtfXemyinomL4hrWcYJxmX6deFdCxpJzhDttxgO1+bcCnkk+9drydLVDmAMG7NE6aN/fl4F7ucU/90gAA=="],

    "redis": ["redis@5.12.1", "", { "dependencies": { "@redis/bloom": "5.12.1", "@redis/client": "5.12.1", "@redis/json": "5.12.1", "@redis/search": "5.12.1", "@redis/time-series": "5.12.1" } }, "sha512-LDsoVvb/CpoV9EN3FXvgvSHNJWuCIzl9MiO3ppOevuGLpSGJhwfQjpEwfFJcQvNSddHADDdZaWx0HnmMxRXG7g=="],
  }
}
